
Microsoft Visual Studio Solution File, Format Version 12.00
# Visual Studio Version 17
VisualStudioVersion = 17.7.34003.232
MinimumVisualStudioVersion = 10.0.40219.1
Project("{9A19103F-16F7-4668-BE54-9A1E7A4F7556}") = "NLayer.Core", "NLayer.Core\NLayer.Core.csproj", "{835E26A0-1F02-409D-A97A-DDB2C91A2F28}"
EndProject
Project("{9A19103F-16F7-4668-BE54-9A1E7A4F7556}") = "NLayer.Repository", "NLayer.Repository\NLayer.Repository.csproj", "{12B4CBAB-A437-41FF-BA78-5B654CE4DB0D}"
EndProject
Project("{9A19103F-16F7-4668-BE54-9A1E7A4F7556}") = "NLayer.Service", "NLayer.Service\NLayer.Service.csproj", "{34461C95-E923-44B1-9265-423C1E313C87}"
EndProject
Project("{9A19103F-16F7-4668-BE54-9A1E7A4F7556}") = "NLayer.API", "NLayer.API\NLayer.API.csproj", "{D28720C1-3024-4CE0-A457-33617785E3D9}"
EndProject
Project("{9A19103F-16F7-4668-BE54-9A1E7A4F7556}") = "NLayer.Web", "NLayer.Web\NLayer.Web.csproj", "{4FA0CD93-E3C2-41AB-8112-5C5B39759859}"
EndProject
Global
	GlobalSection(SolutionConfigurationPlatforms) = preSolution
		Debug|Any CPU = Debug|Any CPU
		Release|Any CPU = Release|Any CPU
	EndGlobalSection
	GlobalSection(ProjectConfigurationPlatforms) = postSolution
		{835E26A0-1F02-409D-A97A-DDB2C91A2F28}.Debug|Any CPU.ActiveCfg = Debug|Any CPU
		{835E26A0-1F02-409D-A97A-DDB2C91A2F28}.Debug|Any CPU.Build.0 = Debug|Any CPU
		{835E26A0-1F02-409D-A97A-DDB2C91A2F28}.Release|Any CPU.ActiveCfg = Release|Any CPU
		{835E26A0-1F02-409D-A97A-DDB2C91A2F28}.Release|Any CPU.Build.0 = Release|Any CPU
		{12B4CBAB-A437-41FF-BA78-5B654CE4DB0D}.Debug|Any CPU.ActiveCfg = Debug|Any CPU
		{12B4CBAB-A437-41FF-BA78-5B654CE4DB0D}.Debug|Any CPU.Build.0 = Debug|Any CPU
		{12B4CBAB-A437-41FF-BA78-5B654CE4DB0D}.Release|Any CPU.ActiveCfg = Release|Any CPU
		{12B4CBAB-A437-41FF-BA78-5B654CE4DB0D}.Release|Any CPU.Build.0 = Release|Any CPU
		{34461C95-E923-44B1-9265-423C1E313C87}.Debug|Any CPU.ActiveCfg = Debug|Any CPU
		{34461C95-E923-44B1-9265-423C1E313C87}.Debug|Any CPU.Build.0 = Debug|Any CPU
		{34461C95-E923-44B1-9265-423C1E313C87}.Release|Any CPU.ActiveCfg = Release|Any CPU
		{34461C95-E923-44B1-9265-423C1E313C87}.Release|Any CPU.Build.0 = Release|Any CPU
		{D28720C1-3024-4CE0-A457-33617785E3D9}.Debug|Any CPU.ActiveCfg = Debug|Any CPU
		{D28720C1-3024-4CE0-A457-33617785E3D9}.Debug|Any CPU.Build.0 = Debug|Any CPU
		{D28720C1-3024-4CE0-A457-33617785E3D9}.Release|Any CPU.ActiveCfg = Release|Any CPU
		{D28720C1-3024-4CE0-A457-33617785E3D9}.Release|Any CPU.Build.0 = Release|Any CPU
		{4FA0CD93-E3C2-41AB-8112-5C5B39759859}.Debug|Any CPU.ActiveCfg = Debug|Any CPU
		{4FA0CD93-E3C2-41AB-8112-5C5B39759859}.Debug|Any CPU.Build.0 = Debug|Any CPU
		{4FA0CD93-E3C2-41AB-8112-5C5B39759859}.Release|Any CPU.ActiveCfg = Release|Any CPU
		{4FA0CD93-E3C2-41AB-8112-5C5B39759859}.Release|Any CPU.Build.0 = Release|Any CPU
	EndGlobalSection
	GlobalSection(SolutionProperties) = preSolution
		HideSolutionNode = FALSE
	EndGlobalSection
	GlobalSection(ExtensibilityGlobals) = postSolution
		SolutionGuid = {490FC4AD-C37D-431C-A9D2-93F25826E9C5}
	EndGlobalSection
EndGlobal
